
Microsoft Visual Studio Solution File, Format Version 12.00
# Visual Studio Version 17
VisualStudioVersion = 17.14.36429.23
MinimumVisualStudioVersion = 10.0.40219.1
Project("{FAE04EC0-301F-11D3-BF4B-00C04F79EFBC}") = "AuthAPI", "AuthAPI\AuthAPI.csproj", "{A315089A-883C-4D95-9B74-D40D12BE8222}"
EndProject
Project("{FAE04EC0-301F-11D3-BF4B-00C04F79EFBC}") = "Shared", "Shared\Shared.csproj", "{B2A76B52-5789-4FCB-851A-E8DA1373B775}"
EndProject
Project("{FAE04EC0-301F-11D3-BF4B-00C04F79EFBC}") = "InventoryAPI", "InventoryAPI\InventoryAPI.csproj", "{F2EB8E76-9C72-48F8-9825-CF4E0E621E63}"
EndProject
Project("{FAE04EC0-301F-11D3-BF4B-00C04F79EFBC}") = "PaymentIntegrationAPI", "PaymentIntegrationAPI\PaymentIntegrationAPI.csproj", "{24D8AA43-71B1-444D-9A7C-301BA10C23EC}"
EndProject
Global
	GlobalSection(SolutionConfigurationPlatforms) = preSolution
		Debug|Any CPU = Debug|Any CPU
		Release|Any CPU = Release|Any CPU
	EndGlobalSection
	GlobalSection(ProjectConfigurationPlatforms) = postSolution
		{A315089A-883C-4D95-9B74-D40D12BE8222}.Debug|Any CPU.ActiveCfg = Debug|Any CPU
		{A315089A-883C-4D95-9B74-D40D12BE8222}.Debug|Any CPU.Build.0 = Debug|Any CPU
		{A315089A-883C-4D95-9B74-D40D12BE8222}.Release|Any CPU.ActiveCfg = Release|Any CPU
		{A315089A-883C-4D95-9B74-D40D12BE8222}.Release|Any CPU.Build.0 = Release|Any CPU
		{B2A76B52-5789-4FCB-851A-E8DA1373B775}.Debug|Any CPU.ActiveCfg = Debug|Any CPU
		{B2A76B52-5789-4FCB-851A-E8DA1373B775}.Debug|Any CPU.Build.0 = Debug|Any CPU
		{B2A76B52-5789-4FCB-851A-E8DA1373B775}.Release|Any CPU.ActiveCfg = Release|Any CPU
		{B2A76B52-5789-4FCB-851A-E8DA1373B775}.Release|Any CPU.Build.0 = Release|Any CPU
		{F2EB8E76-9C72-48F8-9825-CF4E0E621E63}.Debug|Any CPU.ActiveCfg = Debug|Any CPU
		{F2EB8E76-9C72-48F8-9825-CF4E0E621E63}.Debug|Any CPU.Build.0 = Debug|Any CPU
		{F2EB8E76-9C72-48F8-9825-CF4E0E621E63}.Release|Any CPU.ActiveCfg = Release|Any CPU
		{F2EB8E76-9C72-48F8-9825-CF4E0E621E63}.Release|Any CPU.Build.0 = Release|Any CPU
		{24D8AA43-71B1-444D-9A7C-301BA10C23EC}.Debug|Any CPU.ActiveCfg = Debug|Any CPU
		{24D8AA43-71B1-444D-9A7C-301BA10C23EC}.Debug|Any CPU.Build.0 = Debug|Any CPU
		{24D8AA43-71B1-444D-9A7C-301BA10C23EC}.Release|Any CPU.ActiveCfg = Release|Any CPU
		{24D8AA43-71B1-444D-9A7C-301BA10C23EC}.Release|Any CPU.Build.0 = Release|Any CPU
	EndGlobalSection
	GlobalSection(SolutionProperties) = preSolution
		HideSolutionNode = FALSE
	EndGlobalSection
	GlobalSection(ExtensibilityGlobals) = postSolution
		SolutionGuid = {5DB51EA5-01E3-41DD-BB83-1E562BF85710}
	EndGlobalSection
EndGlobal
